// !$*UTF8*$!
{
	archiveVersion = 1;
	classes = {
	};
	objectVersion = 46;
	objects = {

/* Begin PBXBuildFile section */
		EC0150DD1A7709DD00A418CA /* PulsingLayer.swift in Sources */ = {isa = PBXBuildFile; fileRef = EC0150DC1A7709DD00A418CA /* PulsingLayer.swift */; };
		EC3790DF1A7709C200564FE8 /* AppDelegate.swift in Sources */ = {isa = PBXBuildFile; fileRef = EC3790DE1A7709C200564FE8 /* AppDelegate.swift */; };
		EC3790E11A7709C200564FE8 /* ViewController.swift in Sources */ = {isa = PBXBuildFile; fileRef = EC3790E01A7709C200564FE8 /* ViewController.swift */; };
		EC3790E41A7709C200564FE8 /* Main.storyboard in Resources */ = {isa = PBXBuildFile; fileRef = EC3790E21A7709C200564FE8 /* Main.storyboard */; };
		EC3790E61A7709C200564FE8 /* Images.xcassets in Resources */ = {isa = PBXBuildFile; fileRef = EC3790E51A7709C200564FE8 /* Images.xcassets */; };
		EC3790E91A7709C200564FE8 /* LaunchScreen.xib in Resources */ = {isa = PBXBuildFile; fileRef = EC3790E71A7709C200564FE8 /* LaunchScreen.xib */; };
		EC3790F51A7709C200564FE8 /* PulsingLayerTests.swift in Sources */ = {isa = PBXBuildFile; fileRef = EC3790F41A7709C200564FE8 /* PulsingLayerTests.swift */; };
/* End PBXBuildFile section */

/* Begin PBXContainerItemProxy section */
		EC3790EF1A7709C200564FE8 /* PBXContainerItemProxy */ = {
			isa = PBXContainerItemProxy;
			containerPortal = EC3790D11A7709C200564FE8 /* Project object */;
			proxyType = 1;
			remoteGlobalIDString = EC3790D81A7709C200564FE8;
			remoteInfo = PulsingLayer;
		};
/* End PBXContainerItemProxy section */

/* Begin PBXFileReference section */
		EC0150DC1A7709DD00A418CA /* PulsingLayer.swift */ = {isa = PBXFileReference; fileEncoding = 4; lastKnownFileType = sourcecode.swift; name = PulsingLayer.swift; path = ../../PulsingLayer.swift; sourceTree = "<group>"; };
		EC3790D91A7709C200564FE8 /* PulsingLayer.app */ = {isa = PBXFileReference; explicitFileType = wrapper.application; includeInIndex = 0; path = PulsingLayer.app; sourceTree = BUILT_PRODUCTS_DIR; };
		EC3790DD1A7709C200564FE8 /* Info.plist */ = {isa = PBXFileReference; lastKnownFileType = text.plist.xml; path = Info.plist; sourceTree = "<group>"; };
		EC3790DE1A7709C200564FE8 /* AppDelegate.swift */ = {isa = PBXFileReference; lastKnownFileType = sourcecode.swift; path = AppDelegate.swift; sourceTree = "<group>"; };
		EC3790E01A7709C200564FE8 /* ViewController.swift */ = {isa = PBXFileReference; lastKnownFileType = sourcecode.swift; path = ViewController.swift; sourceTree = "<group>"; };
		EC3790E31A7709C200564FE8 /* Base */ = {isa = PBXFileReference; lastKnownFileType = file.storyboard; name = Base; path = Base.lproj/Main.storyboard; sourceTree = "<group>"; };
		EC3790E51A7709C200564FE8 /* Images.xcassets */ = {isa = PBXFileReference; lastKnownFileType = folder.assetcatalog; path = Images.xcassets; sourceTree = "<group>"; };
		EC3790E81A7709C200564FE8 /* Base */ = {isa = PBXFileReference; lastKnownFileType = file.xib; name = Base; path = Base.lproj/LaunchScreen.xib; sourceTree = "<group>"; };
		EC3790EE1A7709C200564FE8 /* PulsingLayerTests.xctest */ = {isa = PBXFileReference; explicitFileType = wrapper.cfbundle; includeInIndex = 0; path = PulsingLayerTests.xctest; sourceTree = BUILT_PRODUCTS_DIR; };
		EC3790F31A7709C200564FE8 /* Info.plist */ = {isa = PBXFileReference; lastKnownFileType = text.plist.xml; path = Info.plist; sourceTree = "<group>"; };
		EC3790F41A7709C200564FE8 /* PulsingLayerTests.swift */ = {isa = PBXFileReference; lastKnownFileType = sourcecode.swift; path = PulsingLayerTests.swift; sourceTree = "<group>"; };
/* End PBXFileReference section */

/* Begin PBXFrameworksBuildPhase section */
		EC3790D61A7709C200564FE8 /* Frameworks */ = {
			isa = PBXFrameworksBuildPhase;
			buildActionMask = 2147483647;
			files = (
			);
			runOnlyForDeploymentPostprocessing = 0;
		};
		EC3790EB1A7709C200564FE8 /* Frameworks */ = {
			isa = PBXFrameworksBuildPhase;
			buildActionMask = 2147483647;
			files = (
			);
			runOnlyForDeploymentPostprocessing = 0;
		};
/* End PBXFrameworksBuildPhase section */

/* Begin PBXGroup section */
		EC3790D01A7709C200564FE8 = {
			isa = PBXGroup;
			children = (
				EC3790DB1A7709C200564FE8 /* PulsingLayer */,
				EC3790F11A7709C200564FE8 /* PulsingLayerTests */,
				EC3790DA1A7709C200564FE8 /* Products */,
			);
			sourceTree = "<group>";
		};
		EC3790DA1A7709C200564FE8 /* Products */ = {
			isa = PBXGroup;
			children = (
				EC3790D91A7709C200564FE8 /* PulsingLayer.app */,
				EC3790EE1A7709C200564FE8 /* PulsingLayerTests.xctest */,
			);
			name = Products;
			sourceTree = "<group>";
		};
		EC3790DB1A7709C200564FE8 /* PulsingLayer */ = {
			isa = PBXGroup;
			children = (
				EC0150DC1A7709DD00A418CA /* PulsingLayer.swift */,
				EC3790DE1A7709C200564FE8 /* AppDelegate.swift */,
				EC3790E01A7709C200564FE8 /* ViewController.swift */,
				EC3790E21A7709C200564FE8 /* Main.storyboard */,
				EC3790E51A7709C200564FE8 /* Images.xcassets */,
				EC3790E71A7709C200564FE8 /* LaunchScreen.xib */,
				EC3790DC1A7709C200564FE8 /* Supporting Files */,
			);
			path = PulsingLayer;
			sourceTree = "<group>";
		};
		EC3790DC1A7709C200564FE8 /* Supporting Files */ = {
			isa = PBXGroup;
			children = (
				EC3790DD1A7709C200564FE8 /* Info.plist */,
			);
			name = "Supporting Files";
			sourceTree = "<group>";
		};
		EC3790F11A7709C200564FE8 /* PulsingLayerTests */ = {
			isa = PBXGroup;
			children = (
				EC3790F41A7709C200564FE8 /* PulsingLayerTests.swift */,
				EC3790F21A7709C200564FE8 /* Supporting Files */,
			);
			path = PulsingLayerTests;
			sourceTree = "<group>";
		};
		EC3790F21A7709C200564FE8 /* Supporting Files */ = {
			isa = PBXGroup;
			children = (
				EC3790F31A7709C200564FE8 /* Info.plist */,
			);
			name = "Supporting Files";
			sourceTree = "<group>";
		};
/* End PBXGroup section */

/* Begin PBXNativeTarget section */
		EC3790D81A7709C200564FE8 /* PulsingLayer */ = {
			isa = PBXNativeTarget;
			buildConfigurationList = EC3790F81A7709C200564FE8 /* Build configuration list for PBXNativeTarget "PulsingLayer" */;
			buildPhases = (
				EC3790D51A7709C200564FE8 /* Sources */,
				EC3790D61A7709C200564FE8 /* Frameworks */,
				EC3790D71A7709C200564FE8 /* Resources */,
			);
			buildRules = (
			);
			dependencies = (
			);
			name = PulsingLayer;
			productName = PulsingLayer;
			productReference = EC3790D91A7709C200564FE8 /* PulsingLayer.app */;
			productType = "com.apple.product-type.application";
		};
		EC3790ED1A7709C200564FE8 /* PulsingLayerTests */ = {
			isa = PBXNativeTarget;
			buildConfigurationList = EC3790FB1A7709C200564FE8 /* Build configuration list for PBXNativeTarget "PulsingLayerTests" */;
			buildPhases = (
				EC3790EA1A7709C200564FE8 /* Sources */,
				EC3790EB1A7709C200564FE8 /* Frameworks */,
				EC3790EC1A7709C200564FE8 /* Resources */,
			);
			buildRules = (
			);
			dependencies = (
				EC3790F01A7709C200564FE8 /* PBXTargetDependency */,
			);
			name = PulsingLayerTests;
			productName = PulsingLayerTests;
			productReference = EC3790EE1A7709C200564FE8 /* PulsingLayerTests.xctest */;
			productType = "com.apple.product-type.bundle.unit-test";
		};
/* End PBXNativeTarget section */

/* Begin PBXProject section */
		EC3790D11A7709C200564FE8 /* Project object */ = {
			isa = PBXProject;
			attributes = {
				LastUpgradeCheck = 0610;
				ORGANIZATIONNAME = "Marcus Kida";
				TargetAttributes = {
					EC3790D81A7709C200564FE8 = {
						CreatedOnToolsVersion = 6.1.1;
					};
					EC3790ED1A7709C200564FE8 = {
						CreatedOnToolsVersion = 6.1.1;
						TestTargetID = EC3790D81A7709C200564FE8;
					};
				};
			};
			buildConfigurationList = EC3790D41A7709C200564FE8 /* Build configuration list for PBXProject "PulsingLayer" */;
			compatibilityVersion = "Xcode 3.2";
			developmentRegion = English;
			hasScannedForEncodings = 0;
			knownRegions = (
				en,
				Base,
			);
			mainGroup = EC3790D01A7709C200564FE8;
			productRefGroup = EC3790DA1A7709C200564FE8 /* Products */;
			projectDirPath = "";
			projectRoot = "";
			targets = (
				EC3790D81A7709C200564FE8 /* PulsingLayer */,
				EC3790ED1A7709C200564FE8 /* PulsingLayerTests */,
			);
		};
/* End PBXProject section */

/* Begin PBXResourcesBuildPhase section */
		EC3790D71A7709C200564FE8 /* Resources */ = {
			isa = PBXResourcesBuildPhase;
			buildActionMask = 2147483647;
			files = (
				EC3790E41A7709C200564FE8 /* Main.storyboard in Resources */,
				EC3790E91A7709C200564FE8 /* LaunchScreen.xib in Resources */,
				EC3790E61A7709C200564FE8 /* Images.xcassets in Resources */,
			);
			runOnlyForDeploymentPostprocessing = 0;
		};
		EC3790EC1A7709C200564FE8 /* Resources */ = {
			isa = PBXResourcesBuildPhase;
			buildActionMask = 2147483647;
			files = (
			);
			runOnlyForDeploymentPostprocessing = 0;
		};
/* End PBXResourcesBuildPhase section */

/* Begin PBXSourcesBuildPhase section */
		EC3790D51A7709C200564FE8 /* Sources */ = {
			isa = PBXSourcesBuildPhase;
			buildActionMask = 2147483647;
			files = (
				EC0150DD1A7709DD00A418CA /* PulsingLayer.swift in Sources */,
				EC3790E11A7709C200564FE8 /* ViewController.swift in Sources */,
				EC3790DF1A7709C200564FE8 /* AppDelegate.swift in Sources */,
			);
			runOnlyForDeploymentPostprocessing = 0;
		};
		EC3790EA1A7709C200564FE8 /* Sources */ = {
			isa = PBXSourcesBuildPhase;
			buildActionMask = 2147483647;
			files = (
				EC3790F51A7709C200564FE8 /* PulsingLayerTests.swift in Sources */,
			);
			runOnlyForDeploymentPostprocessing = 0;
		};
/* End PBXSourcesBuildPhase section */

/* Begin PBXTargetDependency section */
		EC3790F01A7709C200564FE8 /* PBXTargetDependency */ = {
			isa = PBXTargetDependency;
			target = EC3790D81A7709C200564FE8 /* PulsingLayer */;
			targetProxy = EC3790EF1A7709C200564FE8 /* PBXContainerItemProxy */;
		};
/* End PBXTargetDependency section */

/* Begin PBXVariantGroup section */
		EC3790E21A7709C200564FE8 /* Main.storyboard */ = {
			isa = PBXVariantGroup;
			children = (
				EC3790E31A7709C200564FE8 /* Base */,
			);
			name = Main.storyboard;
			sourceTree = "<group>";
		};
		EC3790E71A7709C200564FE8 /* LaunchScreen.xib */ = {
			isa = PBXVariantGroup;
			children = (
				EC3790E81A7709C200564FE8 /* Base */,
			);
			name = LaunchScreen.xib;
			sourceTree = "<group>";
		};
/* End PBXVariantGroup section */

/* Begin XCBuildConfiguration section */
		EC3790F61A7709C200564FE8 /* Debug */ = {
			isa = XCBuildConfiguration;
			buildSettings = {
				ALWAYS_SEARCH_USER_PATHS = NO;
				CLANG_CXX_LANGUAGE_STANDARD = "gnu++0x";
				CLANG_CXX_LIBRARY = "libc++";
				CLANG_ENABLE_MODULES = YES;
				CLANG_ENABLE_OBJC_ARC = YES;
				CLANG_WARN_BOOL_CONVERSION = YES;
				CLANG_WARN_CONSTANT_CONVERSION = YES;
				CLANG_WARN_DIRECT_OBJC_ISA_USAGE = YES_ERROR;
				CLANG_WARN_EMPTY_BODY = YES;
				CLANG_WARN_ENUM_CONVERSION = YES;
				CLANG_WARN_INT_CONVERSION = YES;
				CLANG_WARN_OBJC_ROOT_CLASS = YES_ERROR;
				CLANG_WARN_UNREACHABLE_CODE = YES;
				CLANG_WARN__DUPLICATE_METHOD_MATCH = YES;
				"CODE_SIGN_IDENTITY[sdk=iphoneos*]" = "iPhone Developer";
				COPY_PHASE_STRIP = NO;
				ENABLE_STRICT_OBJC_MSGSEND = YES;
				GCC_C_LANGUAGE_STANDARD = gnu99;
				GCC_DYNAMIC_NO_PIC = NO;
				GCC_OPTIMIZATION_LEVEL = 0;
				GCC_PREPROCESSOR_DEFINITIONS = (
					"DEBUG=1",
					"$(inherited)",
				);
				GCC_SYMBOLS_PRIVATE_EXTERN = NO;
				GCC_WARN_64_TO_32_BIT_CONVERSION = YES;
				GCC_WARN_ABOUT_RETURN_TYPE = YES_ERROR;
				GCC_WARN_UNDECLARED_SELECTOR = YES;
				GCC_WARN_UNINITIALIZED_AUTOS = YES_AGGRESSIVE;
				GCC_WARN_UNUSED_FUNCTION = YES;
				GCC_WARN_UNUSED_VARIABLE = YES;
				IPHONEOS_DEPLOYMENT_TARGET = 8.1;
				MTL_ENABLE_DEBUG_INFO = YES;
				ONLY_ACTIVE_ARCH = YES;
				SDKROOT = iphoneos;
				SWIFT_OPTIMIZATION_LEVEL = "-Onone";
			};
			name = Debug;
		};
		EC3790F71A7709C200564FE8 /* Release */ = {
			isa = XCBuildConfiguration;
			buildSettings = {
				ALWAYS_SEARCH_USER_PATHS = NO;
				CLANG_CXX_LANGUAGE_STANDARD = "gnu++0x";
				CLANG_CXX_LIBRARY = "libc++";
				CLANG_ENABLE_MODULES = YES;
				CLANG_ENABLE_OBJC_ARC = YES;
				CLANG_WARN_BOOL_CONVERSION = YES;
				CLANG_WARN_CONSTANT_CONVERSION = YES;
				CLANG_WARN_DIRECT_OBJC_ISA_USAGE = YES_ERROR;
				CLANG_WARN_EMPTY_BODY = YES;
				CLANG_WARN_ENUM_CONVERSION = YES;
				CLANG_WARN_INT_CONVERSION = YES;
				CLANG_WARN_OBJC_ROOT_CLASS = YES_ERROR;
				CLANG_WARN_UNREACHABLE_CODE = YES;
				CLANG_WARN__DUPLICATE_METHOD_MATCH = YES;
				"CODE_SIGN_IDENTITY[sdk=iphoneos*]" = "iPhone Developer";
				COPY_PHASE_STRIP = YES;
				ENABLE_NS_ASSERTIONS = NO;
				ENABLE_STRICT_OBJC_MSGSEND = YES;
				GCC_C_LANGUAGE_STANDARD = gnu99;
				GCC_WARN_64_TO_32_BIT_CONVERSION = YES;
				GCC_WARN_ABOUT_RETURN_TYPE = YES_ERROR;
				GCC_WARN_UNDECLARED_SELECTOR = YES;
				GCC_WARN_UNINITIALIZED_AUTOS = YES_AGGRESSIVE;
				GCC_WARN_UNUSED_FUNCTION = YES;
				GCC_WARN_UNUSED_VARIABLE = YES;
				IPHONEOS_DEPLOYMENT_TARGET = 8.1;
				MTL_ENABLE_DEBUG_INFO = NO;
				SDKROOT = iphoneos;
				VALIDATE_PRODUCT = YES;
			};
			name = Release;
		};
		EC3790F91A7709C200564FE8 /* Debug */ = {
			isa = XCBuildConfiguration;
			buildSettings = {
				ASSETCATALOG_COMPILER_APPICON_NAME = AppIcon;
				INFOPLIST_FILE = PulsingLayer/Info.plist;
				LD_RUNPATH_SEARCH_PATHS = "$(inherited) @executable_path/Frameworks";
				PRODUCT_NAME = "$(TARGET_NAME)";
			};
			name = Debug;
		};
		EC3790FA1A7709C200564FE8 /* Release */ = {
			isa = XCBuildConfiguration;
			buildSettings = {
				ASSETCATALOG_COMPILER_APPICON_NAME = AppIcon;
				INFOPLIST_FILE = PulsingLayer/Info.plist;
				LD_RUNPATH_SEARCH_PATHS = "$(inherited) @executable_path/Frameworks";
				PRODUCT_NAME = "$(TARGET_NAME)";
			};
			name = Release;
		};
		EC3790FC1A7709C200564FE8 /* Debug */ = {
			isa = XCBuildConfiguration;
			buildSettings = {
				BUNDLE_LOADER = "$(TEST_HOST)";
				FRAMEWORK_SEARCH_PATHS = (
					"$(SDKROOT)/Developer/Library/Frameworks",
					"$(inherited)",
				);
				GCC_PREPROCESSOR_DEFINITIONS = (
					"DEBUG=1",
					"$(inherited)",
				);
				INFOPLIST_FILE = PulsingLayerTests/Info.plist;
				LD_RUNPATH_SEARCH_PATHS = "$(inherited) @executable_path/Frameworks @loader_path/Frameworks";
				PRODUCT_NAME = "$(TARGET_NAME)";
				TEST_HOST = "$(BUILT_PRODUCTS_DIR)/PulsingLayer.app/PulsingLayer";
			};
			name = Debug;
		};
		EC3790FD1A7709C200564FE8 /* Release */ = {
			isa = XCBuildConfiguration;
			buildSettings = {
				BUNDLE_LOADER = "$(TEST_HOST)";
				FRAMEWORK_SEARCH_PATHS = (
					"$(SDKROOT)/Developer/Library/Frameworks",
					"$(inherited)",
				);
				INFOPLIST_FILE = PulsingLayerTests/Info.plist;
				LD_RUNPATH_SEARCH_PATHS = "$(inherited) @executable_path/Frameworks @loader_path/Frameworks";
				PRODUCT_NAME = "$(TARGET_NAME)";
				TEST_HOST = "$(BUILT_PRODUCTS_DIR)/PulsingLayer.app/PulsingLayer";
			};
			name = Release;
		};
/* End XCBuildConfiguration section */

/* Begin XCConfigurationList section */
		EC3790D41A7709C200564FE8 /* Build configuration list for PBXProject "PulsingLayer" */ = {
			isa = XCConfigurationList;
			buildConfigurations = (
				EC3790F61A7709C200564FE8 /* Debug */,
				EC3790F71A7709C200564FE8 /* Release */,
			);
			defaultConfigurationIsVisible = 0;
			defaultConfigurationName = Release;
		};
		EC3790F81A7709C200564FE8 /* Build configuration list for PBXNativeTarget "PulsingLayer" */ = {
			isa = XCConfigurationList;
			buildConfigurations = (
				EC3790F91A7709C200564FE8 /* Debug */,
				EC3790FA1A7709C200564FE8 /* Release */,
			);
			defaultConfigurationIsVisible = 0;
			defaultConfigurationName = Release;
		};
		EC3790FB1A7709C200564FE8 /* Build configuration list for PBXNativeTarget "PulsingLayerTests" */ = {
			isa = XCConfigurationList;
			buildConfigurations = (
				EC3790FC1A7709C200564FE8 /* Debug */,
				EC3790FD1A7709C200564FE8 /* Release */,
			);
			defaultConfigurationIsVisible = 0;
			defaultConfigurationName = Release;
		};
/* End XCConfigurationList section */
	};
	rootObject = EC3790D11A7709C200564FE8 /* Project object */;
}
